
Microsoft Visual Studio Solution File, Format Version 12.00
# Visual Studio Version 17
VisualStudioVersion = 17.8.34511.84
MinimumVisualStudioVersion = 10.0.40219.1
Project("{FAE04EC0-301F-11D3-BF4B-00C04F79EFBC}") = "InnoTractor", "InnoTractor\InnoTractor.csproj", "{F4721756-2E61-493E-AB62-4399F0839414}"
EndProject
Global
	GlobalSection(SolutionConfigurationPlatforms) = preSolution
		Debug|Any CPU = Debug|Any CPU
		Release|Any CPU = Release|Any CPU
	EndGlobalSection
	GlobalSection(ProjectConfigurationPlatforms) = postSolution
		{F4721756-2E61-493E-AB62-4399F0839414}.Debug|Any CPU.ActiveCfg = Debug|Any CPU
		{F4721756-2E61-493E-AB62-4399F0839414}.Debug|Any CPU.Build.0 = Debug|Any CPU
		{F4721756-2E61-493E-AB62-4399F0839414}.Release|Any CPU.ActiveCfg = Release|Any CPU
		{F4721756-2E61-493E-AB62-4399F0839414}.Release|Any CPU.Build.0 = Release|Any CPU
	EndGlobalSection
	GlobalSection(SolutionProperties) = preSolution
		HideSolutionNode = FALSE
	EndGlobalSection
	GlobalSection(ExtensibilityGlobals) = postSolution
		SolutionGuid = {C15F44F1-A121-4E80-816C-239B8A488ED5}
	EndGlobalSection
EndGlobal
